
Microsoft Visual Studio Solution File, Format Version 12.00
# Visual Studio Version 18
VisualStudioVersion = 18.5.11723.231 stable
MinimumVisualStudioVersion = 10.0.40219.1
Project("{FAE04EC0-301F-11D3-BF4B-00C04F79EFBC}") = "CatClawMusic.Core", "CatClawMusic.Core\CatClawMusic.Core.csproj", "{443F5B8C-F9BB-4D8F-907E-782D3E98C60D}"
EndProject
Project("{FAE04EC0-301F-11D3-BF4B-00C04F79EFBC}") = "CatClawMusic.Data", "CatClawMusic.Data\CatClawMusic.Data.csproj", "{1F5A5AA8-72C3-444B-B1E4-E6DE0DA6898E}"
EndProject
Project("{FAE04EC0-301F-11D3-BF4B-00C04F79EFBC}") = "CatClawMusic.UI", "CatClawMusic.UI\CatClawMusic.UI.csproj", "{195B563C-5429-48DC-A5D2-3724CA429F47}"
EndProject
Project("{FAE04EC0-301F-11D3-BF4B-00C04F79EFBC}") = "CatClawMusic.SamplePlugin", "CatClawMusic.SamplePlugin\CatClawMusic.SamplePlugin.csproj", "{A1B2C3D4-E5F6-7890-ABCD-EF1234567890}"
EndProject
Global
	GlobalSection(SolutionConfigurationPlatforms) = preSolution
		Debug|Any CPU = Debug|Any CPU
		Debug|x64 = Debug|x64
		Debug|x86 = Debug|x86
		Release|Any CPU = Release|Any CPU
		Release|x64 = Release|x64
		Release|x86 = Release|x86
	EndGlobalSection
	GlobalSection(ProjectConfigurationPlatforms) = postSolution
		{443F5B8C-F9BB-4D8F-907E-782D3E98C60D}.Debug|Any CPU.ActiveCfg = Debug|Any CPU
		{443F5B8C-F9BB-4D8F-907E-782D3E98C60D}.Debug|Any CPU.Build.0 = Debug|Any CPU
		{443F5B8C-F9BB-4D8F-907E-782D3E98C60D}.Debug|x64.ActiveCfg = Debug|Any CPU
		{443F5B8C-F9BB-4D8F-907E-782D3E98C60D}.Debug|x64.Build.0 = Debug|Any CPU
		{443F5B8C-F9BB-4D8F-907E-782D3E98C60D}.Debug|x86.ActiveCfg = Debug|Any CPU
		{443F5B8C-F9BB-4D8F-907E-782D3E98C60D}.Debug|x86.Build.0 = Debug|Any CPU
		{443F5B8C-F9BB-4D8F-907E-782D3E98C60D}.Release|Any CPU.ActiveCfg = Release|Any CPU
		{443F5B8C-F9BB-4D8F-907E-782D3E98C60D}.Release|Any CPU.Build.0 = Release|Any CPU
		{443F5B8C-F9BB-4D8F-907E-782D3E98C60D}.Release|x64.ActiveCfg = Release|Any CPU
		{443F5B8C-F9BB-4D8F-907E-782D3E98C60D}.Release|x64.Build.0 = Release|Any CPU
		{443F5B8C-F9BB-4D8F-907E-782D3E98C60D}.Release|x86.ActiveCfg = Release|Any CPU
		{443F5B8C-F9BB-4D8F-907E-782D3E98C60D}.Release|x86.Build.0 = Release|Any CPU
		{1F5A5AA8-72C3-444B-B1E4-E6DE0DA6898E}.Debug|Any CPU.ActiveCfg = Debug|Any CPU
		{1F5A5AA8-72C3-444B-B1E4-E6DE0DA6898E}.Debug|Any CPU.Build.0 = Debug|Any CPU
		{1F5A5AA8-72C3-444B-B1E4-E6DE0DA6898E}.Debug|x64.ActiveCfg = Debug|Any CPU
		{1F5A5AA8-72C3-444B-B1E4-E6DE0DA6898E}.Debug|x64.Build.0 = Debug|Any CPU
		{1F5A5AA8-72C3-444B-B1E4-E6DE0DA6898E}.Debug|x86.ActiveCfg = Debug|Any CPU
		{1F5A5AA8-72C3-444B-B1E4-E6DE0DA6898E}.Debug|x86.Build.0 = Debug|Any CPU
		{1F5A5AA8-72C3-444B-B1E4-E6DE0DA6898E}.Release|Any CPU.ActiveCfg = Release|Any CPU
		{1F5A5AA8-72C3-444B-B1E4-E6DE0DA6898E}.Release|Any CPU.Build.0 = Release|Any CPU
		{1F5A5AA8-72C3-444B-B1E4-E6DE0DA6898E}.Release|x64.ActiveCfg = Release|Any CPU
		{1F5A5AA8-72C3-444B-B1E4-E6DE0DA6898E}.Release|x64.Build.0 = Release|Any CPU
		{1F5A5AA8-72C3-444B-B1E4-E6DE0DA6898E}.Release|x86.ActiveCfg = Release|Any CPU
		{1F5A5AA8-72C3-444B-B1E4-E6DE0DA6898E}.Release|x86.Build.0 = Release|Any CPU
		{195B563C-5429-48DC-A5D2-3724CA429F47}.Debug|Any CPU.ActiveCfg = Debug|Any CPU
		{195B563C-5429-48DC-A5D2-3724CA429F47}.Debug|Any CPU.Build.0 = Debug|Any CPU
		{195B563C-5429-48DC-A5D2-3724CA429F47}.Debug|Any CPU.Deploy.0 = Debug|Any CPU
		{195B563C-5429-48DC-A5D2-3724CA429F47}.Debug|x64.ActiveCfg = Debug|Any CPU
		{195B563C-5429-48DC-A5D2-3724CA429F47}.Debug|x64.Build.0 = Debug|Any CPU
		{195B563C-5429-48DC-A5D2-3724CA429F47}.Debug|x86.ActiveCfg = Debug|Any CPU
		{195B563C-5429-48DC-A5D2-3724CA429F47}.Debug|x86.Build.0 = Debug|Any CPU
		{195B563C-5429-48DC-A5D2-3724CA429F47}.Release|Any CPU.ActiveCfg = Release|Any CPU
		{195B563C-5429-48DC-A5D2-3724CA429F47}.Release|Any CPU.Build.0 = Release|Any CPU
		{195B563C-5429-48DC-A5D2-3724CA429F47}.Release|x64.ActiveCfg = Release|Any CPU
		{195B563C-5429-48DC-A5D2-3724CA429F47}.Release|x64.Build.0 = Release|Any CPU
		{195B563C-5429-48DC-A5D2-3724CA429F47}.Release|x86.ActiveCfg = Release|Any CPU
		{195B563C-5429-48DC-A5D2-3724CA429F47}.Release|x86.Build.0 = Release|Any CPU
		{A1B2C3D4-E5F6-7890-ABCD-EF1234567890}.Debug|Any CPU.ActiveCfg = Debug|Any CPU
		{A1B2C3D4-E5F6-7890-ABCD-EF1234567890}.Debug|Any CPU.Build.0 = Debug|Any CPU
		{A1B2C3D4-E5F6-7890-ABCD-EF1234567890}.Debug|x64.ActiveCfg = Debug|Any CPU
		{A1B2C3D4-E5F6-7890-ABCD-EF1234567890}.Debug|x64.Build.0 = Debug|Any CPU
		{A1B2C3D4-E5F6-7890-ABCD-EF1234567890}.Debug|x86.ActiveCfg = Debug|Any CPU
		{A1B2C3D4-E5F6-7890-ABCD-EF1234567890}.Debug|x86.Build.0 = Debug|Any CPU
		{A1B2C3D4-E5F6-7890-ABCD-EF1234567890}.Release|Any CPU.ActiveCfg = Release|Any CPU
		{A1B2C3D4-E5F6-7890-ABCD-EF1234567890}.Release|Any CPU.Build.0 = Release|Any CPU
		{A1B2C3D4-E5F6-7890-ABCD-EF1234567890}.Release|x64.ActiveCfg = Release|Any CPU
		{A1B2C3D4-E5F6-7890-ABCD-EF1234567890}.Release|x64.Build.0 = Release|Any CPU
		{A1B2C3D4-E5F6-7890-ABCD-EF1234567890}.Release|x86.ActiveCfg = Release|Any CPU
		{A1B2C3D4-E5F6-7890-ABCD-EF1234567890}.Release|x86.Build.0 = Release|Any CPU
	EndGlobalSection
	GlobalSection(SolutionProperties) = preSolution
		HideSolutionNode = FALSE
	EndGlobalSection
EndGlobal
