
Microsoft Visual Studio Solution File, Format Version 12.00
# Visual Studio Version 18
VisualStudioVersion = 18.5.11801.241 oobstable
MinimumVisualStudioVersion = 10.0.40219.1
Project("{FAE04EC0-301F-11D3-BF4B-00C04F79EFBC}") = "CatClawMusic.MusicTagPlugin", "CatClawMusic.MusicTagPlugin.csproj", "{9F2D4E35-F2FD-5397-BA0F-6202B134E75D}"
EndProject
Global
	GlobalSection(SolutionConfigurationPlatforms) = preSolution
		Debug|Any CPU = Debug|Any CPU
		Release|Any CPU = Release|Any CPU
	EndGlobalSection
	GlobalSection(ProjectConfigurationPlatforms) = postSolution
		{9F2D4E35-F2FD-5397-BA0F-6202B134E75D}.Debug|Any CPU.ActiveCfg = Debug|Any CPU
		{9F2D4E35-F2FD-5397-BA0F-6202B134E75D}.Debug|Any CPU.Build.0 = Debug|Any CPU
		{9F2D4E35-F2FD-5397-BA0F-6202B134E75D}.Release|Any CPU.ActiveCfg = Release|Any CPU
		{9F2D4E35-F2FD-5397-BA0F-6202B134E75D}.Release|Any CPU.Build.0 = Release|Any CPU
	EndGlobalSection
	GlobalSection(SolutionProperties) = preSolution
		HideSolutionNode = FALSE
	EndGlobalSection
	GlobalSection(ExtensibilityGlobals) = postSolution
		SolutionGuid = {7CE5F634-3ABF-452F-9373-4E5279EBB303}
	EndGlobalSection
EndGlobal
